
Microsoft Visual Studio Solution File, Format Version 12.00
# Visual Studio Version 17
VisualStudioVersion = 17.1.32228.430
MinimumVisualStudioVersion = 10.0.40219.1
Project("{FAE04EC0-301F-11D3-BF4B-00C04F79EFBC}") = "MyBooks", "MyBooks\MyBooks.csproj", "{253AE1D6-8691-430D-A260-5C6085832999}"
EndProject
Project("{FAE04EC0-301F-11D3-BF4B-00C04F79EFBC}") = "MyBooksTests", "MyBooksTests\MyBooksTests.csproj", "{6D6B8131-3254-4959-9F5B-101C9AE16BA1}"
EndProject
Global
	GlobalSection(SolutionConfigurationPlatforms) = preSolution
		Debug|Any CPU = Debug|Any CPU
		Release|Any CPU = Release|Any CPU
	EndGlobalSection
	GlobalSection(ProjectConfigurationPlatforms) = postSolution
		{253AE1D6-8691-430D-A260-5C6085832999}.Debug|Any CPU.ActiveCfg = Debug|Any CPU
		{253AE1D6-8691-430D-A260-5C6085832999}.Debug|Any CPU.Build.0 = Debug|Any CPU
		{253AE1D6-8691-430D-A260-5C6085832999}.Release|Any CPU.ActiveCfg = Release|Any CPU
		{253AE1D6-8691-430D-A260-5C6085832999}.Release|Any CPU.Build.0 = Release|Any CPU
		{6D6B8131-3254-4959-9F5B-101C9AE16BA1}.Debug|Any CPU.ActiveCfg = Debug|Any CPU
		{6D6B8131-3254-4959-9F5B-101C9AE16BA1}.Debug|Any CPU.Build.0 = Debug|Any CPU
		{6D6B8131-3254-4959-9F5B-101C9AE16BA1}.Release|Any CPU.ActiveCfg = Release|Any CPU
		{6D6B8131-3254-4959-9F5B-101C9AE16BA1}.Release|Any CPU.Build.0 = Release|Any CPU
	EndGlobalSection
	GlobalSection(SolutionProperties) = preSolution
		HideSolutionNode = FALSE
	EndGlobalSection
	GlobalSection(ExtensibilityGlobals) = postSolution
		SolutionGuid = {5417CD56-741C-42C9-8437-736C8FF82E22}
	EndGlobalSection
EndGlobal
